
Microsoft Visual Studio Solution File, Format Version 12.00
# Visual Studio Version 17
VisualStudioVersion = 17.7.34009.444
MinimumVisualStudioVersion = 10.0.40219.1
Project("{8BC9CEB8-8B4A-11D0-8D11-00A0C91BC942}") = "斗地主", "斗地主\斗地主.vcxproj", "{65FAE8E9-A5EE-43B7-B5BA-47A461D900D2}"
EndProject
Global
	GlobalSection(SolutionConfigurationPlatforms) = preSolution
		Debug|x64 = Debug|x64
		Debug|x86 = Debug|x86
		Release|x64 = Release|x64
		Release|x86 = Release|x86
	EndGlobalSection
	GlobalSection(ProjectConfigurationPlatforms) = postSolution
		{65FAE8E9-A5EE-43B7-B5BA-47A461D900D2}.Debug|x64.ActiveCfg = Debug|x64
		{65FAE8E9-A5EE-43B7-B5BA-47A461D900D2}.Debug|x64.Build.0 = Debug|x64
		{65FAE8E9-A5EE-43B7-B5BA-47A461D900D2}.Debug|x86.ActiveCfg = Debug|Win32
		{65FAE8E9-A5EE-43B7-B5BA-47A461D900D2}.Debug|x86.Build.0 = Debug|Win32
		{65FAE8E9-A5EE-43B7-B5BA-47A461D900D2}.Release|x64.ActiveCfg = Release|x64
		{65FAE8E9-A5EE-43B7-B5BA-47A461D900D2}.Release|x64.Build.0 = Release|x64
		{65FAE8E9-A5EE-43B7-B5BA-47A461D900D2}.Release|x86.ActiveCfg = Release|Win32
		{65FAE8E9-A5EE-43B7-B5BA-47A461D900D2}.Release|x86.Build.0 = Release|Win32
	EndGlobalSection
	GlobalSection(SolutionProperties) = preSolution
		HideSolutionNode = FALSE
	EndGlobalSection
	GlobalSection(ExtensibilityGlobals) = postSolution
		SolutionGuid = {BC583CF0-0FA0-46CC-B67E-E278F82DF379}
	EndGlobalSection
EndGlobal
